// !$*UTF8*$!
{
	archiveVersion = 1;
	classes = {
	};
	objectVersion = 46;
	objects = {

/* Begin PBXBuildFile section */
		8A41B86A1D98916F00202955 /* AppDelegate.swift in Sources */ = {isa = PBXBuildFile; fileRef = 8A41B8691D98916F00202955 /* AppDelegate.swift */; };
		8A41B86C1D98916F00202955 /* ViewController.swift in Sources */ = {isa = PBXBuildFile; fileRef = 8A41B86B1D98916F00202955 /* ViewController.swift */; };
		8A41B86F1D98916F00202955 /* Main.storyboard in Resources */ = {isa = PBXBuildFile; fileRef = 8A41B86D1D98916F00202955 /* Main.storyboard */; };
		8A41B8711D98916F00202955 /* Assets.xcassets in Resources */ = {isa = PBXBuildFile; fileRef = 8A41B8701D98916F00202955 /* Assets.xcassets */; };
		8A41B8741D98916F00202955 /* LaunchScreen.storyboard in Resources */ = {isa = PBXBuildFile; fileRef = 8A41B8721D98916F00202955 /* LaunchScreen.storyboard */; };
		8A41B8801D9891E200202955 /* Property List.plist in Resources */ = {isa = PBXBuildFile; fileRef = 8A41B87F1D9891E200202955 /* Property List.plist */; };
		8A41B8841D9897BB00202955 /* PrimeiraTableViewViewController.swift in Sources */ = {isa = PBXBuildFile; fileRef = 8A41B8831D9897BB00202955 /* PrimeiraTableViewViewController.swift */; };
		8A5B2E821DA88C5A00AF889B /* notasViewController.swift in Sources */ = {isa = PBXBuildFile; fileRef = 8A5B2E811DA88C5A00AF889B /* notasViewController.swift */; };
		8A5B2E841DA8A3FE00AF889B /* NotasCell.swift in Sources */ = {isa = PBXBuildFile; fileRef = 8A5B2E831DA8A3FE00AF889B /* NotasCell.swift */; };
		8A5B2E871DA8C36900AF889B /* Model.xcdatamodeld in Sources */ = {isa = PBXBuildFile; fileRef = 8A5B2E851DA8C36900AF889B /* Model.xcdatamodeld */; };
		8AFA23A41D9B7584006C31C9 /* BairroCell.swift in Sources */ = {isa = PBXBuildFile; fileRef = 8AFA23A31D9B7584006C31C9 /* BairroCell.swift */; };
		8AFDBF981D9B87C100A0EEA4 /* bairrosViewController.swift in Sources */ = {isa = PBXBuildFile; fileRef = 8AFDBF971D9B87C100A0EEA4 /* bairrosViewController.swift */; };
		8AFDBF9E1D9BB30B00A0EEA4 /* PTuristicosCell.swift in Sources */ = {isa = PBXBuildFile; fileRef = 8AFDBF9D1D9BB30B00A0EEA4 /* PTuristicosCell.swift */; };
		8AFDE4711D9C962900AC1971 /* PTViewController.swift in Sources */ = {isa = PBXBuildFile; fileRef = 8AFDE4701D9C962900AC1971 /* PTViewController.swift */; };
		8AFDE4731D9CB79100AC1971 /* DetalheViewController.swift in Sources */ = {isa = PBXBuildFile; fileRef = 8AFDE4721D9CB79100AC1971 /* DetalheViewController.swift */; };
		8AFDE4761D9CB7BA00AC1971 /* MapKit.framework in Frameworks */ = {isa = PBXBuildFile; fileRef = 8AFDE4751D9CB7BA00AC1971 /* MapKit.framework */; };
		8AFDE4781D9CB7C800AC1971 /* CoreLocation.framework in Frameworks */ = {isa = PBXBuildFile; fileRef = 8AFDE4771D9CB7C800AC1971 /* CoreLocation.framework */; };
/* End PBXBuildFile section */

/* Begin PBXFileReference section */
		8A41B8661D98916F00202955 /* projetoDeBloco - danielBraga.app */ = {isa = PBXFileReference; explicitFileType = wrapper.application; includeInIndex = 0; path = "projetoDeBloco - danielBraga.app"; sourceTree = BUILT_PRODUCTS_DIR; };
		8A41B8691D98916F00202955 /* AppDelegate.swift */ = {isa = PBXFileReference; lastKnownFileType = sourcecode.swift; path = AppDelegate.swift; sourceTree = "<group>"; };
		8A41B86B1D98916F00202955 /* ViewController.swift */ = {isa = PBXFileReference; lastKnownFileType = sourcecode.swift; path = ViewController.swift; sourceTree = "<group>"; };
		8A41B86E1D98916F00202955 /* Base */ = {isa = PBXFileReference; lastKnownFileType = file.storyboard; name = Base; path = Base.lproj/Main.storyboard; sourceTree = "<group>"; };
		8A41B8701D98916F00202955 /* Assets.xcassets */ = {isa = PBXFileReference; lastKnownFileType = folder.assetcatalog; path = Assets.xcassets; sourceTree = "<group>"; };
		8A41B8731D98916F00202955 /* Base */ = {isa = PBXFileReference; lastKnownFileType = file.storyboard; name = Base; path = Base.lproj/LaunchScreen.storyboard; sourceTree = "<group>"; };
		8A41B8751D98916F00202955 /* Info.plist */ = {isa = PBXFileReference; lastKnownFileType = text.plist.xml; path = Info.plist; sourceTree = "<group>"; };
		8A41B87F1D9891E200202955 /* Property List.plist */ = {isa = PBXFileReference; fileEncoding = 4; lastKnownFileType = text.plist.xml; path = "Property List.plist"; sourceTree = "<group>"; };
		8A41B8831D9897BB00202955 /* PrimeiraTableViewViewController.swift */ = {isa = PBXFileReference; fileEncoding = 4; lastKnownFileType = sourcecode.swift; path = PrimeiraTableViewViewController.swift; sourceTree = "<group>"; };
		8A5B2E811DA88C5A00AF889B /* notasViewController.swift */ = {isa = PBXFileReference; fileEncoding = 4; lastKnownFileType = sourcecode.swift; path = notasViewController.swift; sourceTree = "<group>"; };
		8A5B2E831DA8A3FE00AF889B /* NotasCell.swift */ = {isa = PBXFileReference; fileEncoding = 4; lastKnownFileType = sourcecode.swift; path = NotasCell.swift; sourceTree = "<group>"; };
		8A5B2E861DA8C36900AF889B /* Model.xcdatamodel */ = {isa = PBXFileReference; lastKnownFileType = wrapper.xcdatamodel; path = Model.xcdatamodel; sourceTree = "<group>"; };
		8AFA23A31D9B7584006C31C9 /* BairroCell.swift */ = {isa = PBXFileReference; fileEncoding = 4; lastKnownFileType = sourcecode.swift; path = BairroCell.swift; sourceTree = "<group>"; };
		8AFDBF971D9B87C100A0EEA4 /* bairrosViewController.swift */ = {isa = PBXFileReference; fileEncoding = 4; lastKnownFileType = sourcecode.swift; path = bairrosViewController.swift; sourceTree = "<group>"; };
		8AFDBF9D1D9BB30B00A0EEA4 /* PTuristicosCell.swift */ = {isa = PBXFileReference; fileEncoding = 4; lastKnownFileType = sourcecode.swift; path = PTuristicosCell.swift; sourceTree = "<group>"; };
		8AFDE4701D9C962900AC1971 /* PTViewController.swift */ = {isa = PBXFileReference; fileEncoding = 4; lastKnownFileType = sourcecode.swift; path = PTViewController.swift; sourceTree = "<group>"; };
		8AFDE4721D9CB79100AC1971 /* DetalheViewController.swift */ = {isa = PBXFileReference; fileEncoding = 4; lastKnownFileType = sourcecode.swift; path = DetalheViewController.swift; sourceTree = "<group>"; };
		8AFDE4751D9CB7BA00AC1971 /* MapKit.framework */ = {isa = PBXFileReference; lastKnownFileType = wrapper.framework; name = MapKit.framework; path = System/Library/Frameworks/MapKit.framework; sourceTree = SDKROOT; };
		8AFDE4771D9CB7C800AC1971 /* CoreLocation.framework */ = {isa = PBXFileReference; lastKnownFileType = wrapper.framework; name = CoreLocation.framework; path = System/Library/Frameworks/CoreLocation.framework; sourceTree = SDKROOT; };
/* End PBXFileReference section */

/* Begin PBXFrameworksBuildPhase section */
		8A41B8631D98916F00202955 /* Frameworks */ = {
			isa = PBXFrameworksBuildPhase;
			buildActionMask = 2147483647;
			files = (
				8AFDE4781D9CB7C800AC1971 /* CoreLocation.framework in Frameworks */,
				8AFDE4761D9CB7BA00AC1971 /* MapKit.framework in Frameworks */,
			);
			runOnlyForDeploymentPostprocessing = 0;
		};
/* End PBXFrameworksBuildPhase section */

/* Begin PBXGroup section */
		8A41B85D1D98916F00202955 = {
			isa = PBXGroup;
			children = (
				8A41B8681D98916F00202955 /* projetoDeBloco - danielBraga */,
				8A41B8671D98916F00202955 /* Products */,
				8AFDE4741D9CB7BA00AC1971 /* Frameworks */,
			);
			sourceTree = "<group>";
		};
		8A41B8671D98916F00202955 /* Products */ = {
			isa = PBXGroup;
			children = (
				8A41B8661D98916F00202955 /* projetoDeBloco - danielBraga.app */,
			);
			name = Products;
			sourceTree = "<group>";
		};
		8A41B8681D98916F00202955 /* projetoDeBloco - danielBraga */ = {
			isa = PBXGroup;
			children = (
				8A41B8691D98916F00202955 /* AppDelegate.swift */,
				8A41B86B1D98916F00202955 /* ViewController.swift */,
				8A41B8831D9897BB00202955 /* PrimeiraTableViewViewController.swift */,
				8A41B86D1D98916F00202955 /* Main.storyboard */,
				8A41B8721D98916F00202955 /* LaunchScreen.storyboard */,
				8A62E5BB1DAAC2A400F27D14 /* Notas */,
				8A62E5BD1DAAC2C300F27D14 /* Bairros */,
				8A62E5BE1DAAC2CD00F27D14 /* Todos */,
				8A62E5BC1DAAC2BE00F27D14 /* Detalhe */,
				8A41B8701D98916F00202955 /* Assets.xcassets */,
				8A41B8751D98916F00202955 /* Info.plist */,
				8A41B87F1D9891E200202955 /* Property List.plist */,
				8A5B2E851DA8C36900AF889B /* Model.xcdatamodeld */,
			);
			path = "projetoDeBloco - danielBraga";
			sourceTree = "<group>";
		};
		8A62E5BB1DAAC2A400F27D14 /* Notas */ = {
			isa = PBXGroup;
			children = (
				8A5B2E811DA88C5A00AF889B /* notasViewController.swift */,
				8A5B2E831DA8A3FE00AF889B /* NotasCell.swift */,
			);
			name = Notas;
			sourceTree = "<group>";
		};
		8A62E5BC1DAAC2BE00F27D14 /* Detalhe */ = {
			isa = PBXGroup;
			children = (
				8AFDE4721D9CB79100AC1971 /* DetalheViewController.swift */,
			);
			name = Detalhe;
			sourceTree = "<group>";
		};
		8A62E5BD1DAAC2C300F27D14 /* Bairros */ = {
			isa = PBXGroup;
			children = (
				8AFDBF971D9B87C100A0EEA4 /* bairrosViewController.swift */,
				8AFA23A31D9B7584006C31C9 /* BairroCell.swift */,
			);
			name = Bairros;
			sourceTree = "<group>";
		};
		8A62E5BE1DAAC2CD00F27D14 /* Todos */ = {
			isa = PBXGroup;
			children = (
				8AFDE4701D9C962900AC1971 /* PTViewController.swift */,
				8AFDBF9D1D9BB30B00A0EEA4 /* PTuristicosCell.swift */,
			);
			name = Todos;
			sourceTree = "<group>";
		};
		8AFDE4741D9CB7BA00AC1971 /* Frameworks */ = {
			isa = PBXGroup;
			children = (
				8AFDE4771D9CB7C800AC1971 /* CoreLocation.framework */,
				8AFDE4751D9CB7BA00AC1971 /* MapKit.framework */,
			);
			name = Frameworks;
			sourceTree = "<group>";
		};
/* End PBXGroup section */

/* Begin PBXNativeTarget section */
		8A41B8651D98916F00202955 /* projetoDeBloco - danielBraga */ = {
			isa = PBXNativeTarget;
			buildConfigurationList = 8A41B8781D98916F00202955 /* Build configuration list for PBXNativeTarget "projetoDeBloco - danielBraga" */;
			buildPhases = (
				8A41B8621D98916F00202955 /* Sources */,
				8A41B8631D98916F00202955 /* Frameworks */,
				8A41B8641D98916F00202955 /* Resources */,
			);
			buildRules = (
			);
			dependencies = (
			);
			name = "projetoDeBloco - danielBraga";
			productName = "projetoDeBloco - danielBraga";
			productReference = 8A41B8661D98916F00202955 /* projetoDeBloco - danielBraga.app */;
			productType = "com.apple.product-type.application";
		};
/* End PBXNativeTarget section */

/* Begin PBXProject section */
		8A41B85E1D98916F00202955 /* Project object */ = {
			isa = PBXProject;
			attributes = {
				LastSwiftUpdateCheck = 0800;
				LastUpgradeCheck = 0800;
				ORGANIZATIONNAME = Braga.ltda;
				TargetAttributes = {
					8A41B8651D98916F00202955 = {
						CreatedOnToolsVersion = 8.0;
						ProvisioningStyle = Automatic;
					};
				};
			};
			buildConfigurationList = 8A41B8611D98916F00202955 /* Build configuration list for PBXProject "projetoDeBloco - danielBraga" */;
			compatibilityVersion = "Xcode 3.2";
			developmentRegion = English;
			hasScannedForEncodings = 0;
			knownRegions = (
				en,
				Base,
			);
			mainGroup = 8A41B85D1D98916F00202955;
			productRefGroup = 8A41B8671D98916F00202955 /* Products */;
			projectDirPath = "";
			projectRoot = "";
			targets = (
				8A41B8651D98916F00202955 /* projetoDeBloco - danielBraga */,
			);
		};
/* End PBXProject section */

/* Begin PBXResourcesBuildPhase section */
		8A41B8641D98916F00202955 /* Resources */ = {
			isa = PBXResourcesBuildPhase;
			buildActionMask = 2147483647;
			files = (
				8A41B8741D98916F00202955 /* LaunchScreen.storyboard in Resources */,
				8A41B8711D98916F00202955 /* Assets.xcassets in Resources */,
				8A41B8801D9891E200202955 /* Property List.plist in Resources */,
				8A41B86F1D98916F00202955 /* Main.storyboard in Resources */,
			);
			runOnlyForDeploymentPostprocessing = 0;
		};
/* End PBXResourcesBuildPhase section */

/* Begin PBXSourcesBuildPhase section */
		8A41B8621D98916F00202955 /* Sources */ = {
			isa = PBXSourcesBuildPhase;
			buildActionMask = 2147483647;
			files = (
				8A5B2E821DA88C5A00AF889B /* notasViewController.swift in Sources */,
				8AFDE4711D9C962900AC1971 /* PTViewController.swift in Sources */,
				8A41B86C1D98916F00202955 /* ViewController.swift in Sources */,
				8AFDBF981D9B87C100A0EEA4 /* bairrosViewController.swift in Sources */,
				8AFDBF9E1D9BB30B00A0EEA4 /* PTuristicosCell.swift in Sources */,
				8A5B2E841DA8A3FE00AF889B /* NotasCell.swift in Sources */,
				8AFDE4731D9CB79100AC1971 /* DetalheViewController.swift in Sources */,
				8AFA23A41D9B7584006C31C9 /* BairroCell.swift in Sources */,
				8A41B86A1D98916F00202955 /* AppDelegate.swift in Sources */,
				8A5B2E871DA8C36900AF889B /* Model.xcdatamodeld in Sources */,
				8A41B8841D9897BB00202955 /* PrimeiraTableViewViewController.swift in Sources */,
			);
			runOnlyForDeploymentPostprocessing = 0;
		};
/* End PBXSourcesBuildPhase section */

/* Begin PBXVariantGroup section */
		8A41B86D1D98916F00202955 /* Main.storyboard */ = {
			isa = PBXVariantGroup;
			children = (
				8A41B86E1D98916F00202955 /* Base */,
			);
			name = Main.storyboard;
			sourceTree = "<group>";
		};
		8A41B8721D98916F00202955 /* LaunchScreen.storyboard */ = {
			isa = PBXVariantGroup;
			children = (
				8A41B8731D98916F00202955 /* Base */,
			);
			name = LaunchScreen.storyboard;
			sourceTree = "<group>";
		};
/* End PBXVariantGroup section */

/* Begin XCBuildConfiguration section */
		8A41B8761D98916F00202955 /* Debug */ = {
			isa = XCBuildConfiguration;
			buildSettings = {
				ALWAYS_SEARCH_USER_PATHS = NO;
				CLANG_ANALYZER_NONNULL = YES;
				CLANG_CXX_LANGUAGE_STANDARD = "gnu++0x";
				CLANG_CXX_LIBRARY = "libc++";
				CLANG_ENABLE_MODULES = YES;
				CLANG_ENABLE_OBJC_ARC = YES;
				CLANG_WARN_BOOL_CONVERSION = YES;
				CLANG_WARN_CONSTANT_CONVERSION = YES;
				CLANG_WARN_DIRECT_OBJC_ISA_USAGE = YES_ERROR;
				CLANG_WARN_DOCUMENTATION_COMMENTS = YES;
				CLANG_WARN_EMPTY_BODY = YES;
				CLANG_WARN_ENUM_CONVERSION = YES;
				CLANG_WARN_INFINITE_RECURSION = YES;
				CLANG_WARN_INT_CONVERSION = YES;
				CLANG_WARN_OBJC_ROOT_CLASS = YES_ERROR;
				CLANG_WARN_SUSPICIOUS_MOVES = YES;
				CLANG_WARN_UNREACHABLE_CODE = YES;
				CLANG_WARN__DUPLICATE_METHOD_MATCH = YES;
				"CODE_SIGN_IDENTITY[sdk=iphoneos*]" = "iPhone Developer";
				COPY_PHASE_STRIP = NO;
				DEBUG_INFORMATION_FORMAT = dwarf;
				ENABLE_STRICT_OBJC_MSGSEND = YES;
				ENABLE_TESTABILITY = YES;
				GCC_C_LANGUAGE_STANDARD = gnu99;
				GCC_DYNAMIC_NO_PIC = NO;
				GCC_NO_COMMON_BLOCKS = YES;
				GCC_OPTIMIZATION_LEVEL = 0;
				GCC_PREPROCESSOR_DEFINITIONS = (
					"DEBUG=1",
					"$(inherited)",
				);
				GCC_WARN_64_TO_32_BIT_CONVERSION = YES;
				GCC_WARN_ABOUT_RETURN_TYPE = YES_ERROR;
				GCC_WARN_UNDECLARED_SELECTOR = YES;
				GCC_WARN_UNINITIALIZED_AUTOS = YES_AGGRESSIVE;
				GCC_WARN_UNUSED_FUNCTION = YES;
				GCC_WARN_UNUSED_VARIABLE = YES;
				IPHONEOS_DEPLOYMENT_TARGET = 10.0;
				MTL_ENABLE_DEBUG_INFO = YES;
				ONLY_ACTIVE_ARCH = YES;
				SDKROOT = iphoneos;
				SWIFT_ACTIVE_COMPILATION_CONDITIONS = DEBUG;
				SWIFT_OPTIMIZATION_LEVEL = "-Onone";
			};
			name = Debug;
		};
		8A41B8771D98916F00202955 /* Release */ = {
			isa = XCBuildConfiguration;
			buildSettings = {
				ALWAYS_SEARCH_USER_PATHS = NO;
				CLANG_ANALYZER_NONNULL = YES;
				CLANG_CXX_LANGUAGE_STANDARD = "gnu++0x";
				CLANG_CXX_LIBRARY = "libc++";
				CLANG_ENABLE_MODULES = YES;
				CLANG_ENABLE_OBJC_ARC = YES;
				CLANG_WARN_BOOL_CONVERSION = YES;
				CLANG_WARN_CONSTANT_CONVERSION = YES;
				CLANG_WARN_DIRECT_OBJC_ISA_USAGE = YES_ERROR;
				CLANG_WARN_DOCUMENTATION_COMMENTS = YES;
				CLANG_WARN_EMPTY_BODY = YES;
				CLANG_WARN_ENUM_CONVERSION = YES;
				CLANG_WARN_INFINITE_RECURSION = YES;
				CLANG_WARN_INT_CONVERSION = YES;
				CLANG_WARN_OBJC_ROOT_CLASS = YES_ERROR;
				CLANG_WARN_SUSPICIOUS_MOVES = YES;
				CLANG_WARN_UNREACHABLE_CODE = YES;
				CLANG_WARN__DUPLICATE_METHOD_MATCH = YES;
				"CODE_SIGN_IDENTITY[sdk=iphoneos*]" = "iPhone Developer";
				COPY_PHASE_STRIP = NO;
				DEBUG_INFORMATION_FORMAT = "dwarf-with-dsym";
				ENABLE_NS_ASSERTIONS = NO;
				ENABLE_STRICT_OBJC_MSGSEND = YES;
				GCC_C_LANGUAGE_STANDARD = gnu99;
				GCC_NO_COMMON_BLOCKS = YES;
				GCC_WARN_64_TO_32_BIT_CONVERSION = YES;
				GCC_WARN_ABOUT_RETURN_TYPE = YES_ERROR;
				GCC_WARN_UNDECLARED_SELECTOR = YES;
				GCC_WARN_UNINITIALIZED_AUTOS = YES_AGGRESSIVE;
				GCC_WARN_UNUSED_FUNCTION = YES;
				GCC_WARN_UNUSED_VARIABLE = YES;
				IPHONEOS_DEPLOYMENT_TARGET = 10.0;
				MTL_ENABLE_DEBUG_INFO = NO;
				SDKROOT = iphoneos;
				SWIFT_OPTIMIZATION_LEVEL = "-Owholemodule";
				VALIDATE_PRODUCT = YES;
			};
			name = Release;
		};
		8A41B8791D98916F00202955 /* Debug */ = {
			isa = XCBuildConfiguration;
			buildSettings = {
				ASSETCATALOG_COMPILER_APPICON_NAME = AppIcon;
				INFOPLIST_FILE = "projetoDeBloco - danielBraga/Info.plist";
				LD_RUNPATH_SEARCH_PATHS = "$(inherited) @executable_path/Frameworks";
				PRODUCT_BUNDLE_IDENTIFIER = "Braga.projetoDeBloco---danielBraga";
				PRODUCT_NAME = "$(TARGET_NAME)";
				SWIFT_VERSION = 3.0;
			};
			name = Debug;
		};
		8A41B87A1D98916F00202955 /* Release */ = {
			isa = XCBuildConfiguration;
			buildSettings = {
				ASSETCATALOG_COMPILER_APPICON_NAME = AppIcon;
				INFOPLIST_FILE = "projetoDeBloco - danielBraga/Info.plist";
				LD_RUNPATH_SEARCH_PATHS = "$(inherited) @executable_path/Frameworks";
				PRODUCT_BUNDLE_IDENTIFIER = "Braga.projetoDeBloco---danielBraga";
				PRODUCT_NAME = "$(TARGET_NAME)";
				SWIFT_VERSION = 3.0;
			};
			name = Release;
		};
/* End XCBuildConfiguration section */

/* Begin XCConfigurationList section */
		8A41B8611D98916F00202955 /* Build configuration list for PBXProject "projetoDeBloco - danielBraga" */ = {
			isa = XCConfigurationList;
			buildConfigurations = (
				8A41B8761D98916F00202955 /* Debug */,
				8A41B8771D98916F00202955 /* Release */,
			);
			defaultConfigurationIsVisible = 0;
			defaultConfigurationName = Release;
		};
		8A41B8781D98916F00202955 /* Build configuration list for PBXNativeTarget "projetoDeBloco - danielBraga" */ = {
			isa = XCConfigurationList;
			buildConfigurations = (
				8A41B8791D98916F00202955 /* Debug */,
				8A41B87A1D98916F00202955 /* Release */,
			);
			defaultConfigurationIsVisible = 0;
			defaultConfigurationName = Release;
		};
/* End XCConfigurationList section */

/* Begin XCVersionGroup section */
		8A5B2E851DA8C36900AF889B /* Model.xcdatamodeld */ = {
			isa = XCVersionGroup;
			children = (
				8A5B2E861DA8C36900AF889B /* Model.xcdatamodel */,
			);
			currentVersion = 8A5B2E861DA8C36900AF889B /* Model.xcdatamodel */;
			name = Model.xcdatamodeld;
			path = ../Model.xcdatamodeld;
			sourceTree = "<group>";
			versionGroupType = wrapper.xcdatamodel;
		};
/* End XCVersionGroup section */
	};
	rootObject = 8A41B85E1D98916F00202955 /* Project object */;
}
